<?xml version="1.0" encoding="utf-8"?>
<Project ToolsVersion="4.0" xmlns="http://schemas.microsoft.com/developer/msbuild/2003">
  <ItemGroup>
    <Filter Include="Исходные файлы">
      <UniqueIdentifier>{4FC737F1-C7A5-4376-A066-2A32D752A2FF}</UniqueIdentifier>
      <Extensions>cpp;c;cc;cxx;def;odl;idl;hpj;bat;asm;asmx</Extensions>
    </Filter>
    <Filter Include="Файлы заголовков">
      <UniqueIdentifier>{93995380-89BD-4b04-88EB-625FBE52EBFB}</UniqueIdentifier>
      <Extensions>h;hh;hpp;hxx;hm;inl;inc;ipp;xsd</Extensions>
    </Filter>
    <Filter Include="Файлы ресурсов">
      <UniqueIdentifier>{67DA6AB6-F800-4c08-8B7A-83BB121AAD01}</UniqueIdentifier>
      <Extensions>rc;ico;cur;bmp;dlg;rc2;rct;bin;rgs;gif;jpg;jpeg;jpe;resx;tiff;tif;png;wav;mfcribbon-ms</Extensions>
    </Filter>
    <Filter Include="Data">
      <UniqueIdentifier>{1c8b2b83-fe41-4479-a2c8-eb2ddafe2c53}</UniqueIdentifier>
    </Filter>
    <Filter Include="Data\Shaders">
      <UniqueIdentifier>{669cf216-e848-4e5c-9bf6-1b5c483e2299}</UniqueIdentifier>
    </Filter>
    <Filter Include="pch">
      <UniqueIdentifier>{726c6ec4-e5fa-4e02-9628-13f96c518afd}</UniqueIdentifier>
    </Filter>
    <Filter Include="Исходные файлы\Meshes">
      <UniqueIdentifier>{17af7417-b7da-4ccd-a134-ef90d8f0d0d1}</UniqueIdentifier>
    </Filter>
    <Filter Include="Файлы заголовков\Meshes">
      <UniqueIdentifier>{5feba0ce-febe-44e2-8841-7d90a911b80f}</UniqueIdentifier>
    </Filter>
    <Filter Include="Data\Shaders\Spherical">
      <UniqueIdentifier>{d58f2fc3-742e-4dd2-9187-6852ce300c41}</UniqueIdentifier>
    </Filter>
    <Filter Include="Data\Shaders\Elliptical">
      <UniqueIdentifier>{6a0c3b28-243b-4135-a316-e74236d95f35}</UniqueIdentifier>
    </Filter>
    <Filter Include="Файлы заголовков\Math">
      <UniqueIdentifier>{a7a08830-a25b-4b9b-9816-f95f463db1f9}</UniqueIdentifier>
    </Filter>
    <Filter Include="Исходные файлы\Math">
      <UniqueIdentifier>{0bcbe090-06ce-4838-8120-90fafd889f3b}</UniqueIdentifier>
    </Filter>
    <Filter Include="Файлы заголовков\Meshes\Spherical">
      <UniqueIdentifier>{c2c10979-b0ac-4dc7-b6ef-bbb5eeafe61c}</UniqueIdentifier>
    </Filter>
    <Filter Include="Исходные файлы\Meshes\Spherical">
      <UniqueIdentifier>{ba669908-5fd2-497e-be17-d82fcb051298}</UniqueIdentifier>
    </Filter>
  </ItemGroup>
  <ItemGroup>
    <ClCompile Include="src\Game.cpp">
      <Filter>Исходные файлы</Filter>
    </ClCompile>
    <ClCompile Include="src\SimpleInputHandler.cpp">
      <Filter>Исходные файлы</Filter>
    </ClCompile>
    <ClCompile Include="src\Camera.cpp">
      <Filter>Исходные файлы</Filter>
    </ClCompile>
    <ClCompile Include="src\pch.cpp">
      <Filter>pch</Filter>
    </ClCompile>
    <ClCompile Include="src\SphericalCamera.cpp">
      <Filter>Исходные файлы</Filter>
    </ClCompile>
    <ClCompile Include="src\TextDrawer.cpp">
      <Filter>Исходные файлы</Filter>
    </ClCompile>
    <ClCompile Include="src\SphericalMeshLoader.cpp">
      <Filter>Исходные файлы</Filter>
    </ClCompile>
    <ClCompile Include="src\Mesh.cpp">
      <Filter>Исходные файлы\Meshes</Filter>
    </ClCompile>
    <ClCompile Include="SphericalMath.cpp">
      <Filter>Исходные файлы\Math</Filter>
    </ClCompile>
    <ClCompile Include="src\HyperbolicMath.cpp">
      <Filter>Исходные файлы\Math</Filter>
    </ClCompile>
    <ClCompile Include="src\SphericalCube.cpp">
      <Filter>Исходные файлы\Meshes\Spherical</Filter>
    </ClCompile>
    <ClCompile Include="src\SphericalMesh.cpp">
      <Filter>Исходные файлы\Meshes\Spherical</Filter>
    </ClCompile>
    <ClCompile Include="src\SphericalOctahedron.cpp">
      <Filter>Исходные файлы\Meshes\Spherical</Filter>
    </ClCompile>
    <ClCompile Include="src\Drawer2D.cpp">
      <Filter>Исходные файлы</Filter>
    </ClCompile>
    <ClCompile Include="src\Texture.cpp">
      <Filter>Исходные файлы</Filter>
    </ClCompile>
    <ClCompile Include="src\SphericalSphere.cpp">
      <Filter>Исходные файлы\Meshes\Spherical</Filter>
    </ClCompile>
    <ClCompile Include="src\SphericalAsteroid.cpp">
      <Filter>Исходные файлы\Meshes\Spherical</Filter>
    </ClCompile>
    <ClCompile Include="src\FPSCounter.cpp">
      <Filter>Исходные файлы</Filter>
    </ClCompile>
    <ClCompile Include="GameWindows.cpp">
      <Filter>Исходные файлы</Filter>
    </ClCompile>
    <ClCompile Include="SphericalEllipsoid.cpp">
      <Filter>Исходные файлы\Meshes\Spherical</Filter>
    </ClCompile>
  </ItemGroup>
  <ItemGroup>
    <ClInclude Include="inc\Game.h">
      <Filter>Файлы заголовков</Filter>
    </ClInclude>
    <ClInclude Include="inc\InputHandler.h">
      <Filter>Файлы заголовков</Filter>
    </ClInclude>
    <ClInclude Include="inc\SimpleInputHandler.h">
      <Filter>Файлы заголовков</Filter>
    </ClInclude>
    <ClInclude Include="inc\Camera.h">
      <Filter>Файлы заголовков</Filter>
    </ClInclude>
    <ClInclude Include="inc\pch.h">
      <Filter>pch</Filter>
    </ClInclude>
    <ClInclude Include="inc\SphericalCamera.h">
      <Filter>Файлы заголовков</Filter>
    </ClInclude>
    <ClInclude Include="inc\TextDrawer.h">
      <Filter>Файлы заголовков</Filter>
    </ClInclude>
    <ClInclude Include="inc\SphericalMeshLoader.h">
      <Filter>Файлы заголовков</Filter>
    </ClInclude>
    <ClInclude Include="inc\Mesh.h">
      <Filter>Файлы заголовков\Meshes</Filter>
    </ClInclude>
    <ClInclude Include="inc\HyperbolicMath.h">
      <Filter>Файлы заголовков\Math</Filter>
    </ClInclude>
    <ClInclude Include="inc\SphericalMath.h">
      <Filter>Файлы заголовков\Math</Filter>
    </ClInclude>
    <ClInclude Include="inc\SphericalCube.h">
      <Filter>Файлы заголовков\Meshes\Spherical</Filter>
    </ClInclude>
    <ClInclude Include="inc\SphericalMesh.h">
      <Filter>Файлы заголовков\Meshes\Spherical</Filter>
    </ClInclude>
    <ClInclude Include="inc\SphericalOctahedron.h">
      <Filter>Файлы заголовков\Meshes\Spherical</Filter>
    </ClInclude>
    <ClInclude Include="inc\Drawer2D.h">
      <Filter>Файлы заголовков</Filter>
    </ClInclude>
    <ClInclude Include="inc\GeometryShader.h">
      <Filter>Файлы заголовков</Filter>
    </ClInclude>
    <ClInclude Include="inc\Texture.h">
      <Filter>Файлы заголовков</Filter>
    </ClInclude>
    <ClInclude Include="inc\SphericalSphere.h">
      <Filter>Файлы заголовков\Meshes\Spherical</Filter>
    </ClInclude>
    <ClInclude Include="inc\SphericalAsteroid.h">
      <Filter>Файлы заголовков\Meshes\Spherical</Filter>
    </ClInclude>
    <ClInclude Include="inc\FPSCounter.h">
      <Filter>Файлы заголовков</Filter>
    </ClInclude>
    <ClInclude Include="inc\SphericalEllipsoid.h">
      <Filter>Файлы заголовков\Meshes\Spherical</Filter>
    </ClInclude>
  </ItemGroup>
  <ItemGroup>
    <FxCompile Include="Data\Shaders\BasicPixelShader.hlsl">
      <Filter>Data\Shaders</Filter>
    </FxCompile>
    <FxCompile Include="Data\Shaders\BasicVertexShader.hlsl">
      <Filter>Data\Shaders</Filter>
    </FxCompile>
    <FxCompile Include="Data\Shaders\MorphingVertexShader.hlsl">
      <Filter>Data\Shaders</Filter>
    </FxCompile>
    <FxCompile Include="GeometryShader.hlsl">
      <Filter>Data\Shaders</Filter>
    </FxCompile>
    <FxCompile Include="VertexSphericalExpFogShader.hlsl">
      <Filter>Data\Shaders\Spherical</Filter>
    </FxCompile>
    <FxCompile Include="VertexSphericalExpSqFogShader.hlsl">
      <Filter>Data\Shaders\Spherical</Filter>
    </FxCompile>
    <FxCompile Include="VertexSphericalLinearFogShader.hlsl">
      <Filter>Data\Shaders\Spherical</Filter>
    </FxCompile>
    <FxCompile Include="Data\Shaders\VertexEllipticalExpFogShader.hlsl">
      <Filter>Data\Shaders\Elliptical</Filter>
    </FxCompile>
    <FxCompile Include="VertexEllipticalExpSqFogShader.hlsl">
      <Filter>Data\Shaders\Elliptical</Filter>
    </FxCompile>
  </ItemGroup>
  <ItemGroup>
    <None Include="packages.config" />
    <None Include="ClassDiagram.cd" />
    <None Include="ClassDiagram1.cd" />
    <None Include="ClassDiagram2.cd" />
  </ItemGroup>
  <ItemGroup>
    <Text Include="meshes.txt" />
    <Text Include="WARNING.txt" />
  </ItemGroup>
  <ItemGroup>
    <CopyFileToFolders Include="myfile.spritefont">
      <Filter>Файлы ресурсов</Filter>
    </CopyFileToFolders>
  </ItemGroup>
</Project>